
Microsoft Visual Studio Solution File, Format Version 12.00
Project("{FAE04EC0-301F-11D3-BF4B-00C04F79EFBC}") = "ShowAccuracyAndMisses", "ShowAccuracyAndMisses\ShowAccuracyAndMisses.csproj", "{9976636E-5742-413F-BDD6-E572DEBF0707}"
EndProject
Project("{FAE04EC0-301F-11D3-BF4B-00C04F79EFBC}") = "Test", "Test\Test.csproj", "{C00A72DD-0B50-4B58-9DA1-AB73FC0ADDDA}"
EndProject
Project("{FAE04EC0-301F-11D3-BF4B-00C04F79EFBC}") = "ChangeSongSpeed", "ChangeSongSpeed\ChangeSongSpeed.csproj", "{FA3F27AF-3049-4230-BF3A-11EDD396F179}"
EndProject
Global
	GlobalSection(SolutionConfigurationPlatforms) = preSolution
		Debug|Any CPU = Debug|Any CPU
		Release|Any CPU = Release|Any CPU
	EndGlobalSection
	GlobalSection(ProjectConfigurationPlatforms) = postSolution
		{9976636E-5742-413F-BDD6-E572DEBF0707}.Debug|Any CPU.ActiveCfg = Debug|Any CPU
		{9976636E-5742-413F-BDD6-E572DEBF0707}.Debug|Any CPU.Build.0 = Debug|Any CPU
		{9976636E-5742-413F-BDD6-E572DEBF0707}.Release|Any CPU.ActiveCfg = Release|Any CPU
		{9976636E-5742-413F-BDD6-E572DEBF0707}.Release|Any CPU.Build.0 = Release|Any CPU
		{C00A72DD-0B50-4B58-9DA1-AB73FC0ADDDA}.Debug|Any CPU.ActiveCfg = Debug|Any CPU
		{C00A72DD-0B50-4B58-9DA1-AB73FC0ADDDA}.Debug|Any CPU.Build.0 = Debug|Any CPU
		{C00A72DD-0B50-4B58-9DA1-AB73FC0ADDDA}.Release|Any CPU.ActiveCfg = Release|Any CPU
		{C00A72DD-0B50-4B58-9DA1-AB73FC0ADDDA}.Release|Any CPU.Build.0 = Release|Any CPU
		{FA3F27AF-3049-4230-BF3A-11EDD396F179}.Debug|Any CPU.ActiveCfg = Debug|Any CPU
		{FA3F27AF-3049-4230-BF3A-11EDD396F179}.Debug|Any CPU.Build.0 = Debug|Any CPU
		{FA3F27AF-3049-4230-BF3A-11EDD396F179}.Release|Any CPU.ActiveCfg = Release|Any CPU
		{FA3F27AF-3049-4230-BF3A-11EDD396F179}.Release|Any CPU.Build.0 = Release|Any CPU
	EndGlobalSection
EndGlobal
